# This file was autogenerated by Stack.
# You should not edit this file by hand.
# For more information, please see the documentation at:
#   https://docs.haskellstack.org/en/stable/lock_files

packages:
- completed:
    name: aeson
    pantry-tree:
      sha256: 0b36e9a3f68cd6f8f0c02d7b78c1bf38266cc104b43f19519273f936fb849f23
      size: 92968
    sha256: b3bf6796695d81dfadcdd4782265229b7432c64e6800bf8b6803831c65f64ee4
    size: 386962
    subdir: .
    url: https://github.com/haskell/aeson/archive/d79464b0e1b3f1796325528ec253bb05685acf5c.tar.gz
    version: 2.2.0.0
  original:
    subdir: .
    url: https://github.com/haskell/aeson/archive/d79464b0e1b3f1796325528ec253bb05685acf5c.tar.gz
- completed:
    name: attoparsec-aeson
    pantry-tree:
      sha256: 5016d4c44e3e0cb5fe8a993e108d4b9ba05275a67d29839d489f388ab1b0aa42
      size: 477
    sha256: b3bf6796695d81dfadcdd4782265229b7432c64e6800bf8b6803831c65f64ee4
    size: 386962
    subdir: attoparsec-aeson
    url: https://github.com/haskell/aeson/archive/d79464b0e1b3f1796325528ec253bb05685acf5c.tar.gz
    version: 2.2.0.0
  original:
    subdir: attoparsec-aeson
    url: https://github.com/haskell/aeson/archive/d79464b0e1b3f1796325528ec253bb05685acf5c.tar.gz
- completed:
    name: microlens-th
    pantry-tree:
      sha256: f15de23c15d5ee151f6e28f6a4451a4eb64a8018c834e5acc723dcb20627242e
      size: 558
    sha256: b2fd9fe7308ca116ce33d48fed17c8b623b84d146ec9552564c0611fd963bcdd
    size: 81329
    subdir: microlens-th
    url: https://github.com/stevenfontanella/microlens/archive/70a999078cf76c4999aa2eafe9dd10080635642b.tar.gz
    version: 0.4.3.13
  original:
    subdir: microlens-th
    url: https://github.com/stevenfontanella/microlens/archive/70a999078cf76c4999aa2eafe9dd10080635642b.tar.gz
- completed:
    name: neat-interpolation
    pantry-tree:
      sha256: d8923c02f8a081b5e947e22ed42da9c87d92d532d38d33a77d5ca0802baf285c
      size: 572
    sha256: 38e203111b2fdea82f284f24780db9bd11c0aa32f415984373657ad7e1485735
    size: 6580
    url: https://github.com/nikita-volkov/neat-interpolation/archive/106d8d1b9a909a3e6a588baf177553b8ff7c3d37.tar.gz
    version: 0.5.2
  original:
    url: https://github.com/nikita-volkov/neat-interpolation/archive/106d8d1b9a909a3e6a588baf177553b8ff7c3d37.tar.gz
- completed:
    hackage: pantry-0.9.1@sha256:69058b32be71d0fbc51727ddd677eb6429657c2c1cebbd9802e6b4f8a5eda51c,7530
    pantry-tree:
      sha256: b3bbe99504efc22d7f0d776cb6ecd692df435966f0107eeb4d5ba9085f99b56a
      size: 2665
  original:
    hackage: pantry-0.9.1@sha256:69058b32be71d0fbc51727ddd677eb6429657c2c1cebbd9802e6b4f8a5eda51c,7530
- completed:
    name: persistent
    pantry-tree:
      sha256: 48ccd3d749211d494c9b0ebab04938e087e3c6563f96cad97a18fb9765c66985
      size: 6660
    sha256: ef317e1dcd4d0d60542e5c96a839998dc08880f14fe300e99699898756e19e55
    size: 2615245
    subdir: persistent
    url: https://github.com/yesodweb/persistent/archive/513a67d7afa4fee5ce2994110834c20a9f603eeb.tar.gz
    version: 2.14.5.1
  original:
    subdir: persistent
    url: https://github.com/yesodweb/persistent/archive/513a67d7afa4fee5ce2994110834c20a9f603eeb.tar.gz
- completed:
    hackage: text-iso8601-0.1@sha256:fc10d8de72fc094d0d299644f17421b9430d1c1092a1355c7f0c02d8b6edf6a7,2371
    pantry-tree:
      sha256: f72aa62f5f4d1155b3d3f35e8227548a27cee83fb5d0742564b5ef26597f1431
      size: 427
  original:
    hackage: text-iso8601-0.1@sha256:fc10d8de72fc094d0d299644f17421b9430d1c1092a1355c7f0c02d8b6edf6a7,2371
- completed:
    hackage: th-abstraction-0.6.0.0@sha256:3ca7abbcfd7030233a79f5ab9579cdf9d96e2b79455e38b2492fad4df4efd152,2236
    pantry-tree:
      sha256: ba8890e6659555183ef61162f298971eaf5759e80edd50a20634e84d8f87d4d3
      size: 671
  original:
    hackage: th-abstraction-0.6.0.0@sha256:3ca7abbcfd7030233a79f5ab9579cdf9d96e2b79455e38b2492fad4df4efd152,2236
snapshots:
- completed:
    sha256: cc0280cb8678ac89af827ef38187a798b1b51f1e1b01f40b096c01b2b22584b7
    size: 658024
    url: https://raw.githubusercontent.com/commercialhaskell/stackage-snapshots/master/nightly/2023/8/12.yaml
  original: nightly-2023-08-12
